// !$*UTF8*$!
{
	archiveVersion = 1;
	classes = {
	};
	objectVersion = 56;
	objects = {

/* Begin PBXBuildFile section */
		6496B6D150F090BE78A6537B /* Pods_WBooksTests.framework in Frameworks */ = {isa = PBXBuildFile; fileRef = 76FC63489F796D1841E5D0F2 /* Pods_WBooksTests.framework */; };
		68F1B45A9A4C552D34AD4935 /* Pods_WBooks_WBooksUITests.framework in Frameworks */ = {isa = PBXBuildFile; fileRef = 563A41DF0118F100D50930A0 /* Pods_WBooks_WBooksUITests.framework */; };
		74BF286FA7B2DDCCD3EC1DF9 /* Pods_WBooks.framework in Frameworks */ = {isa = PBXBuildFile; fileRef = 4351B3E608AB15A0F6CD0D66 /* Pods_WBooks.framework */; };
		D3014EEE290059140037DB40 /* RentalsViewController.swift in Sources */ = {isa = PBXBuildFile; fileRef = D3014EED290059140037DB40 /* RentalsViewController.swift */; };
		D3014EF229005BFB0037DB40 /* InputFields.swift in Sources */ = {isa = PBXBuildFile; fileRef = D3014EF129005BFB0037DB40 /* InputFields.swift */; };
		D3077C0228F870A100D654D3 /* Users.swift in Sources */ = {isa = PBXBuildFile; fileRef = D3077C0128F870A100D654D3 /* Users.swift */; };
		D31275B428DA51310007F183 /* LibraryTableViewCell.swift in Sources */ = {isa = PBXBuildFile; fileRef = D31275B328DA51310007F183 /* LibraryTableViewCell.swift */; };
		D31275B828DA52C30007F183 /* Library.swift in Sources */ = {isa = PBXBuildFile; fileRef = D31275B728DA52C30007F183 /* Library.swift */; };
		D31BED2928FEDAF9006370A3 /* AddNewViewModel.swift in Sources */ = {isa = PBXBuildFile; fileRef = D31BED2828FEDAF9006370A3 /* AddNewViewModel.swift */; };
		D31BED2D28FEF2D3006370A3 /* AddNewBook.swift in Sources */ = {isa = PBXBuildFile; fileRef = D31BED2C28FEF2D3006370A3 /* AddNewBook.swift */; };
		D32F776A28E49279003130A8 /* LibraryTableViewCell.xib in Resources */ = {isa = PBXBuildFile; fileRef = D32F776928E49279003130A8 /* LibraryTableViewCell.xib */; };
		D32F777028E4B531003130A8 /* LoginViewModel.swift in Sources */ = {isa = PBXBuildFile; fileRef = D32F776F28E4B531003130A8 /* LoginViewModel.swift */; };
		D32F777528E4D045003130A8 /* TabBarController.swift in Sources */ = {isa = PBXBuildFile; fileRef = D32F777428E4D045003130A8 /* TabBarController.swift */; };
		D32F777A28E4D13B003130A8 /* WishListView.xib in Resources */ = {isa = PBXBuildFile; fileRef = D32F777928E4D13B003130A8 /* WishListView.xib */; };
		D32F777C28E4D14D003130A8 /* WishListView.swift in Sources */ = {isa = PBXBuildFile; fileRef = D32F777B28E4D14D003130A8 /* WishListView.swift */; };
		D32F777E28E4D173003130A8 /* WishListController.swift in Sources */ = {isa = PBXBuildFile; fileRef = D32F777D28E4D173003130A8 /* WishListController.swift */; };
		D32F778228E4D4DB003130A8 /* AddNewView.xib in Resources */ = {isa = PBXBuildFile; fileRef = D32F778128E4D4DB003130A8 /* AddNewView.xib */; };
		D32F778428E4D4E7003130A8 /* AddNewView.swift in Sources */ = {isa = PBXBuildFile; fileRef = D32F778328E4D4E7003130A8 /* AddNewView.swift */; };
		D32F778628E4D4F7003130A8 /* AddNewController.swift in Sources */ = {isa = PBXBuildFile; fileRef = D32F778528E4D4F7003130A8 /* AddNewController.swift */; };
		D32F778828E4D53D003130A8 /* RentalsView.xib in Resources */ = {isa = PBXBuildFile; fileRef = D32F778728E4D53D003130A8 /* RentalsView.xib */; };
		D32F778A28E4D579003130A8 /* RentalsView.swift in Sources */ = {isa = PBXBuildFile; fileRef = D32F778928E4D579003130A8 /* RentalsView.swift */; };
		D359B46C28E4FF2900FB12F6 /* UITableViewExtension.swift in Sources */ = {isa = PBXBuildFile; fileRef = D359B46B28E4FF2900FB12F6 /* UITableViewExtension.swift */; };
		D37F17F728F6FBF80056A259 /* Post.swift in Sources */ = {isa = PBXBuildFile; fileRef = D37F17F628F6FBF80056A259 /* Post.swift */; };
		D37F17FC28F70AAF0056A259 /* ReviewTableViewCell.xib in Resources */ = {isa = PBXBuildFile; fileRef = D37F17FB28F70AAF0056A259 /* ReviewTableViewCell.xib */; };
		D37F17FE28F70AC80056A259 /* ReviewTableViewCell.swift in Sources */ = {isa = PBXBuildFile; fileRef = D37F17FD28F70AC80056A259 /* ReviewTableViewCell.swift */; };
		D37F180028F70DDC0056A259 /* Reviewer.swift in Sources */ = {isa = PBXBuildFile; fileRef = D37F17FF28F70DDC0056A259 /* Reviewer.swift */; };
		D37F180828F7315B0056A259 /* UIImageViewExtension.swift in Sources */ = {isa = PBXBuildFile; fileRef = D37F180728F7315B0056A259 /* UIImageViewExtension.swift */; };
		D386341828E745420063F5FC /* BookRepository.swift in Sources */ = {isa = PBXBuildFile; fileRef = D386341728E745420063F5FC /* BookRepository.swift */; };
		D386341A28E74ED10063F5FC /* LibraryTableViewModel.swift in Sources */ = {isa = PBXBuildFile; fileRef = D386341928E74ED10063F5FC /* LibraryTableViewModel.swift */; };
		D386341D28E74F6B0063F5FC /* DetailsView.swift in Sources */ = {isa = PBXBuildFile; fileRef = D386341C28E74F6B0063F5FC /* DetailsView.swift */; };
		D386341F28E74F770063F5FC /* DetailsView.xib in Resources */ = {isa = PBXBuildFile; fileRef = D386341E28E74F770063F5FC /* DetailsView.xib */; };
		D386342128E74FA80063F5FC /* DetailsViewController.swift in Sources */ = {isa = PBXBuildFile; fileRef = D386342028E74FA80063F5FC /* DetailsViewController.swift */; };
		D38D693228D8B7CF0037B1B4 /* AppDelegate.swift in Sources */ = {isa = PBXBuildFile; fileRef = D38D693128D8B7CF0037B1B4 /* AppDelegate.swift */; };
		D38D693428D8B7CF0037B1B4 /* SceneDelegate.swift in Sources */ = {isa = PBXBuildFile; fileRef = D38D693328D8B7CF0037B1B4 /* SceneDelegate.swift */; };
		D38D693928D8B7CF0037B1B4 /* Main.storyboard in Resources */ = {isa = PBXBuildFile; fileRef = D38D693728D8B7CF0037B1B4 /* Main.storyboard */; };
		D38D693B28D8B7E20037B1B4 /* Assets.xcassets in Resources */ = {isa = PBXBuildFile; fileRef = D38D693A28D8B7E20037B1B4 /* Assets.xcassets */; };
		D38D693E28D8B7E20037B1B4 /* LaunchScreen.storyboard in Resources */ = {isa = PBXBuildFile; fileRef = D38D693C28D8B7E20037B1B4 /* LaunchScreen.storyboard */; };
		D38D694928D8B7E30037B1B4 /* WBooksTests.swift in Sources */ = {isa = PBXBuildFile; fileRef = D38D694828D8B7E30037B1B4 /* WBooksTests.swift */; };
		D38D695328D8B7E30037B1B4 /* WBooksUITests.swift in Sources */ = {isa = PBXBuildFile; fileRef = D38D695228D8B7E30037B1B4 /* WBooksUITests.swift */; };
		D38D695528D8B7E30037B1B4 /* WBooksUITestsLaunchTests.swift in Sources */ = {isa = PBXBuildFile; fileRef = D38D695428D8B7E30037B1B4 /* WBooksUITestsLaunchTests.swift */; };
		D3929C9028DE169000F6CAE6 /* Localizable.strings in Resources */ = {isa = PBXBuildFile; fileRef = D3929C9228DE169000F6CAE6 /* Localizable.strings */; };
		D398C67628E376970025DE95 /* LoginView.xib in Resources */ = {isa = PBXBuildFile; fileRef = D398C67528E376970025DE95 /* LoginView.xib */; };
		D398C67828E376B80025DE95 /* LoginView.swift in Sources */ = {isa = PBXBuildFile; fileRef = D398C67728E376B80025DE95 /* LoginView.swift */; };
		D398C67D28E3778D0025DE95 /* NibView.swift in Sources */ = {isa = PBXBuildFile; fileRef = D398C67C28E3778D0025DE95 /* NibView.swift */; };
		D398C68028E378AF0025DE95 /* LoginViewController.swift in Sources */ = {isa = PBXBuildFile; fileRef = D398C67F28E378AF0025DE95 /* LoginViewController.swift */; };
		D398C68328E37AE20025DE95 /* LibraryTableView.xib in Resources */ = {isa = PBXBuildFile; fileRef = D398C68228E37AE20025DE95 /* LibraryTableView.xib */; };
		D398C68528E37B480025DE95 /* LibraryTableView.swift in Sources */ = {isa = PBXBuildFile; fileRef = D398C68428E37B480025DE95 /* LibraryTableView.swift */; };
		D398C68728E37BE60025DE95 /* LibraryTableViewController.swift in Sources */ = {isa = PBXBuildFile; fileRef = D398C68628E37BE60025DE95 /* LibraryTableViewController.swift */; };
		D3995EDD28FD9532004ABB5C /* BookInfoView.xib in Resources */ = {isa = PBXBuildFile; fileRef = D3995EDC28FD9532004ABB5C /* BookInfoView.xib */; };
		D3995EDF28FD9543004ABB5C /* BookInfoViewModel.swift in Sources */ = {isa = PBXBuildFile; fileRef = D3995EDE28FD9543004ABB5C /* BookInfoViewModel.swift */; };
		D3995EE128FD955D004ABB5C /* BookInfoViewController.swift in Sources */ = {isa = PBXBuildFile; fileRef = D3995EE028FD955D004ABB5C /* BookInfoViewController.swift */; };
		D3995EE328FD956F004ABB5C /* BookInfoView.swift in Sources */ = {isa = PBXBuildFile; fileRef = D3995EE228FD956F004ABB5C /* BookInfoView.swift */; };
		D3995EE728FDACFF004ABB5C /* ReviewViewModel.swift in Sources */ = {isa = PBXBuildFile; fileRef = D3995EE628FDACFF004ABB5C /* ReviewViewModel.swift */; };
		D3995EEA28FDAF52004ABB5C /* ReviewView.swift in Sources */ = {isa = PBXBuildFile; fileRef = D3995EE928FDAF52004ABB5C /* ReviewView.swift */; };
		D3995EEC28FDAF65004ABB5C /* ReviewViewController.swift in Sources */ = {isa = PBXBuildFile; fileRef = D3995EEB28FDAF65004ABB5C /* ReviewViewController.swift */; };
		D3995EEE28FDAF7E004ABB5C /* ReviewView.xib in Resources */ = {isa = PBXBuildFile; fileRef = D3995EED28FDAF7E004ABB5C /* ReviewView.xib */; };
		D3995EF028FDC26A004ABB5C /* UIButtonExtension.swift in Sources */ = {isa = PBXBuildFile; fileRef = D3995EEF28FDC26A004ABB5C /* UIButtonExtension.swift */; };
		D3995EF228FDC2BA004ABB5C /* UIColorExtension.swift in Sources */ = {isa = PBXBuildFile; fileRef = D3995EF128FDC2BA004ABB5C /* UIColorExtension.swift */; };
		D3995EF428FDC31D004ABB5C /* UIViewControllerExtension.swift in Sources */ = {isa = PBXBuildFile; fileRef = D3995EF328FDC31D004ABB5C /* UIViewControllerExtension.swift */; };
		D3995EF628FDC586004ABB5C /* UIViewExtension.swift in Sources */ = {isa = PBXBuildFile; fileRef = D3995EF528FDC586004ABB5C /* UIViewExtension.swift */; };
		D3995EF828FDC71E004ABB5C /* DetailsViewModel.swift in Sources */ = {isa = PBXBuildFile; fileRef = D3995EF728FDC71E004ABB5C /* DetailsViewModel.swift */; };
		D3995EFA28FDD419004ABB5C /* UIImageExtension.swift in Sources */ = {isa = PBXBuildFile; fileRef = D3995EF928FDD419004ABB5C /* UIImageExtension.swift */; };
		D3D09084290343DF009060F8 /* LoginTextField.swift in Sources */ = {isa = PBXBuildFile; fileRef = D3D09083290343DF009060F8 /* LoginTextField.swift */; };
/* End PBXBuildFile section */

/* Begin PBXContainerItemProxy section */
		D38D694528D8B7E30037B1B4 /* PBXContainerItemProxy */ = {
			isa = PBXContainerItemProxy;
			containerPortal = D38D692628D8B7CF0037B1B4 /* Project object */;
			proxyType = 1;
			remoteGlobalIDString = D38D692D28D8B7CF0037B1B4;
			remoteInfo = WBooks;
		};
		D38D694F28D8B7E30037B1B4 /* PBXContainerItemProxy */ = {
			isa = PBXContainerItemProxy;
			containerPortal = D38D692628D8B7CF0037B1B4 /* Project object */;
			proxyType = 1;
			remoteGlobalIDString = D38D692D28D8B7CF0037B1B4;
			remoteInfo = WBooks;
		};
/* End PBXContainerItemProxy section */

/* Begin PBXFileReference section */
		2714DAE63A47001DCAE79192 /* Pods-WBooks.debug.xcconfig */ = {isa = PBXFileReference; includeInIndex = 1; lastKnownFileType = text.xcconfig; name = "Pods-WBooks.debug.xcconfig"; path = "../Desktop/WBooks/Pods/Target Support Files/Pods-WBooks/Pods-WBooks.debug.xcconfig"; sourceTree = "<group>"; };
		3782310F866A278732137005 /* Pods-WBooks-WBooksUITests.release.xcconfig */ = {isa = PBXFileReference; includeInIndex = 1; lastKnownFileType = text.xcconfig; name = "Pods-WBooks-WBooksUITests.release.xcconfig"; path = "../Desktop/WBooks/Pods/Target Support Files/Pods-WBooks-WBooksUITests/Pods-WBooks-WBooksUITests.release.xcconfig"; sourceTree = "<group>"; };
		4351B3E608AB15A0F6CD0D66 /* Pods_WBooks.framework */ = {isa = PBXFileReference; explicitFileType = wrapper.framework; includeInIndex = 0; path = Pods_WBooks.framework; sourceTree = BUILT_PRODUCTS_DIR; };
		563A41DF0118F100D50930A0 /* Pods_WBooks_WBooksUITests.framework */ = {isa = PBXFileReference; explicitFileType = wrapper.framework; includeInIndex = 0; path = Pods_WBooks_WBooksUITests.framework; sourceTree = BUILT_PRODUCTS_DIR; };
		76FC63489F796D1841E5D0F2 /* Pods_WBooksTests.framework */ = {isa = PBXFileReference; explicitFileType = wrapper.framework; includeInIndex = 0; path = Pods_WBooksTests.framework; sourceTree = BUILT_PRODUCTS_DIR; };
		A620E23630BDE3BB148B77E7 /* Pods-WBooksTests.debug.xcconfig */ = {isa = PBXFileReference; includeInIndex = 1; lastKnownFileType = text.xcconfig; name = "Pods-WBooksTests.debug.xcconfig"; path = "../Desktop/WBooks/Pods/Target Support Files/Pods-WBooksTests/Pods-WBooksTests.debug.xcconfig"; sourceTree = "<group>"; };
		A87BDEFF4493B8EF15C5BD7F /* Pods-WBooksTests.release.xcconfig */ = {isa = PBXFileReference; includeInIndex = 1; lastKnownFileType = text.xcconfig; name = "Pods-WBooksTests.release.xcconfig"; path = "../Desktop/WBooks/Pods/Target Support Files/Pods-WBooksTests/Pods-WBooksTests.release.xcconfig"; sourceTree = "<group>"; };
		AF7373369B526A41B785531C /* Pods-WBooks-WBooksUITests.debug.xcconfig */ = {isa = PBXFileReference; includeInIndex = 1; lastKnownFileType = text.xcconfig; name = "Pods-WBooks-WBooksUITests.debug.xcconfig"; path = "../Desktop/WBooks/Pods/Target Support Files/Pods-WBooks-WBooksUITests/Pods-WBooks-WBooksUITests.debug.xcconfig"; sourceTree = "<group>"; };
		D3014EED290059140037DB40 /* RentalsViewController.swift */ = {isa = PBXFileReference; lastKnownFileType = sourcecode.swift; path = RentalsViewController.swift; sourceTree = "<group>"; };
		D3014EF129005BFB0037DB40 /* InputFields.swift */ = {isa = PBXFileReference; lastKnownFileType = sourcecode.swift; path = InputFields.swift; sourceTree = "<group>"; };
		D3077C0128F870A100D654D3 /* Users.swift */ = {isa = PBXFileReference; lastKnownFileType = sourcecode.swift; path = Users.swift; sourceTree = "<group>"; };
		D31275B328DA51310007F183 /* LibraryTableViewCell.swift */ = {isa = PBXFileReference; lastKnownFileType = sourcecode.swift; path = LibraryTableViewCell.swift; sourceTree = "<group>"; };
		D31275B728DA52C30007F183 /* Library.swift */ = {isa = PBXFileReference; lastKnownFileType = sourcecode.swift; path = Library.swift; sourceTree = "<group>"; };
		D31BED2828FEDAF9006370A3 /* AddNewViewModel.swift */ = {isa = PBXFileReference; lastKnownFileType = sourcecode.swift; path = AddNewViewModel.swift; sourceTree = "<group>"; };
		D31BED2C28FEF2D3006370A3 /* AddNewBook.swift */ = {isa = PBXFileReference; lastKnownFileType = sourcecode.swift; path = AddNewBook.swift; sourceTree = "<group>"; };
		D32F776928E49279003130A8 /* LibraryTableViewCell.xib */ = {isa = PBXFileReference; lastKnownFileType = file.xib; path = LibraryTableViewCell.xib; sourceTree = "<group>"; };
		D32F776F28E4B531003130A8 /* LoginViewModel.swift */ = {isa = PBXFileReference; lastKnownFileType = sourcecode.swift; path = LoginViewModel.swift; sourceTree = "<group>"; };
		D32F777428E4D045003130A8 /* TabBarController.swift */ = {isa = PBXFileReference; lastKnownFileType = sourcecode.swift; path = TabBarController.swift; sourceTree = "<group>"; };
		D32F777928E4D13B003130A8 /* WishListView.xib */ = {isa = PBXFileReference; lastKnownFileType = file.xib; path = WishListView.xib; sourceTree = "<group>"; };
		D32F777B28E4D14D003130A8 /* WishListView.swift */ = {isa = PBXFileReference; lastKnownFileType = sourcecode.swift; path = WishListView.swift; sourceTree = "<group>"; };
		D32F777D28E4D173003130A8 /* WishListController.swift */ = {isa = PBXFileReference; lastKnownFileType = sourcecode.swift; path = WishListController.swift; sourceTree = "<group>"; };
		D32F778128E4D4DB003130A8 /* AddNewView.xib */ = {isa = PBXFileReference; lastKnownFileType = file.xib; path = AddNewView.xib; sourceTree = "<group>"; };
		D32F778328E4D4E7003130A8 /* AddNewView.swift */ = {isa = PBXFileReference; lastKnownFileType = sourcecode.swift; path = AddNewView.swift; sourceTree = "<group>"; };
		D32F778528E4D4F7003130A8 /* AddNewController.swift */ = {isa = PBXFileReference; lastKnownFileType = sourcecode.swift; path = AddNewController.swift; sourceTree = "<group>"; };
		D32F778728E4D53D003130A8 /* RentalsView.xib */ = {isa = PBXFileReference; lastKnownFileType = file.xib; path = RentalsView.xib; sourceTree = "<group>"; };
		D32F778928E4D579003130A8 /* RentalsView.swift */ = {isa = PBXFileReference; lastKnownFileType = sourcecode.swift; path = RentalsView.swift; sourceTree = "<group>"; };
		D359B46B28E4FF2900FB12F6 /* UITableViewExtension.swift */ = {isa = PBXFileReference; lastKnownFileType = sourcecode.swift; path = UITableViewExtension.swift; sourceTree = "<group>"; };
		D37F17F628F6FBF80056A259 /* Post.swift */ = {isa = PBXFileReference; lastKnownFileType = sourcecode.swift; path = Post.swift; sourceTree = "<group>"; };
		D37F17FB28F70AAF0056A259 /* ReviewTableViewCell.xib */ = {isa = PBXFileReference; lastKnownFileType = file.xib; path = ReviewTableViewCell.xib; sourceTree = "<group>"; };
		D37F17FD28F70AC80056A259 /* ReviewTableViewCell.swift */ = {isa = PBXFileReference; lastKnownFileType = sourcecode.swift; path = ReviewTableViewCell.swift; sourceTree = "<group>"; };
		D37F17FF28F70DDC0056A259 /* Reviewer.swift */ = {isa = PBXFileReference; lastKnownFileType = sourcecode.swift; path = Reviewer.swift; sourceTree = "<group>"; };
		D37F180728F7315B0056A259 /* UIImageViewExtension.swift */ = {isa = PBXFileReference; lastKnownFileType = sourcecode.swift; path = UIImageViewExtension.swift; sourceTree = "<group>"; };
		D386341728E745420063F5FC /* BookRepository.swift */ = {isa = PBXFileReference; lastKnownFileType = sourcecode.swift; path = BookRepository.swift; sourceTree = "<group>"; };
		D386341928E74ED10063F5FC /* LibraryTableViewModel.swift */ = {isa = PBXFileReference; fileEncoding = 4; lastKnownFileType = sourcecode.swift; path = LibraryTableViewModel.swift; sourceTree = "<group>"; };
		D386341C28E74F6B0063F5FC /* DetailsView.swift */ = {isa = PBXFileReference; lastKnownFileType = sourcecode.swift; path = DetailsView.swift; sourceTree = "<group>"; };
		D386341E28E74F770063F5FC /* DetailsView.xib */ = {isa = PBXFileReference; lastKnownFileType = file.xib; path = DetailsView.xib; sourceTree = "<group>"; };
		D386342028E74FA80063F5FC /* DetailsViewController.swift */ = {isa = PBXFileReference; lastKnownFileType = sourcecode.swift; path = DetailsViewController.swift; sourceTree = "<group>"; };
		D38D692E28D8B7CF0037B1B4 /* WBooks.app */ = {isa = PBXFileReference; explicitFileType = wrapper.application; includeInIndex = 0; path = WBooks.app; sourceTree = BUILT_PRODUCTS_DIR; };
		D38D693128D8B7CF0037B1B4 /* AppDelegate.swift */ = {isa = PBXFileReference; lastKnownFileType = sourcecode.swift; path = AppDelegate.swift; sourceTree = "<group>"; };
		D38D693328D8B7CF0037B1B4 /* SceneDelegate.swift */ = {isa = PBXFileReference; lastKnownFileType = sourcecode.swift; path = SceneDelegate.swift; sourceTree = "<group>"; };
		D38D693828D8B7CF0037B1B4 /* Base */ = {isa = PBXFileReference; lastKnownFileType = file.storyboard; name = Base; path = Base.lproj/Main.storyboard; sourceTree = "<group>"; };
		D38D693A28D8B7E20037B1B4 /* Assets.xcassets */ = {isa = PBXFileReference; lastKnownFileType = folder.assetcatalog; path = Assets.xcassets; sourceTree = "<group>"; };
		D38D693D28D8B7E20037B1B4 /* Base */ = {isa = PBXFileReference; lastKnownFileType = file.storyboard; name = Base; path = Base.lproj/LaunchScreen.storyboard; sourceTree = "<group>"; };
		D38D693F28D8B7E20037B1B4 /* Info.plist */ = {isa = PBXFileReference; lastKnownFileType = text.plist.xml; path = Info.plist; sourceTree = "<group>"; };
		D38D694428D8B7E30037B1B4 /* WBooksTests.xctest */ = {isa = PBXFileReference; explicitFileType = wrapper.cfbundle; includeInIndex = 0; path = WBooksTests.xctest; sourceTree = BUILT_PRODUCTS_DIR; };
		D38D694828D8B7E30037B1B4 /* WBooksTests.swift */ = {isa = PBXFileReference; lastKnownFileType = sourcecode.swift; path = WBooksTests.swift; sourceTree = "<group>"; };
		D38D694E28D8B7E30037B1B4 /* WBooksUITests.xctest */ = {isa = PBXFileReference; explicitFileType = wrapper.cfbundle; includeInIndex = 0; path = WBooksUITests.xctest; sourceTree = BUILT_PRODUCTS_DIR; };
		D38D695228D8B7E30037B1B4 /* WBooksUITests.swift */ = {isa = PBXFileReference; lastKnownFileType = sourcecode.swift; path = WBooksUITests.swift; sourceTree = "<group>"; };
		D38D695428D8B7E30037B1B4 /* WBooksUITestsLaunchTests.swift */ = {isa = PBXFileReference; lastKnownFileType = sourcecode.swift; path = WBooksUITestsLaunchTests.swift; sourceTree = "<group>"; };
		D3929C9128DE169000F6CAE6 /* en */ = {isa = PBXFileReference; lastKnownFileType = text.plist.strings; name = en; path = en.lproj/Localizable.strings; sourceTree = "<group>"; };
		D3929C9328DE1C8E00F6CAE6 /* es */ = {isa = PBXFileReference; lastKnownFileType = text.plist.strings; name = es; path = es.lproj/Main.strings; sourceTree = "<group>"; };
		D3929C9428DE1C8E00F6CAE6 /* es */ = {isa = PBXFileReference; lastKnownFileType = text.plist.strings; name = es; path = es.lproj/LaunchScreen.strings; sourceTree = "<group>"; };
		D3929C9528DE1C8E00F6CAE6 /* es */ = {isa = PBXFileReference; lastKnownFileType = text.plist.strings; name = es; path = es.lproj/Localizable.strings; sourceTree = "<group>"; };
		D398C67528E376970025DE95 /* LoginView.xib */ = {isa = PBXFileReference; lastKnownFileType = file.xib; path = LoginView.xib; sourceTree = "<group>"; };
		D398C67728E376B80025DE95 /* LoginView.swift */ = {isa = PBXFileReference; lastKnownFileType = sourcecode.swift; path = LoginView.swift; sourceTree = "<group>"; };
		D398C67C28E3778D0025DE95 /* NibView.swift */ = {isa = PBXFileReference; lastKnownFileType = sourcecode.swift; path = NibView.swift; sourceTree = "<group>"; };
		D398C67F28E378AF0025DE95 /* LoginViewController.swift */ = {isa = PBXFileReference; lastKnownFileType = sourcecode.swift; path = LoginViewController.swift; sourceTree = "<group>"; };
		D398C68228E37AE20025DE95 /* LibraryTableView.xib */ = {isa = PBXFileReference; lastKnownFileType = file.xib; path = LibraryTableView.xib; sourceTree = "<group>"; };
		D398C68428E37B480025DE95 /* LibraryTableView.swift */ = {isa = PBXFileReference; lastKnownFileType = sourcecode.swift; path = LibraryTableView.swift; sourceTree = "<group>"; };
		D398C68628E37BE60025DE95 /* LibraryTableViewController.swift */ = {isa = PBXFileReference; lastKnownFileType = sourcecode.swift; path = LibraryTableViewController.swift; sourceTree = "<group>"; };
		D3995EDC28FD9532004ABB5C /* BookInfoView.xib */ = {isa = PBXFileReference; lastKnownFileType = file.xib; path = BookInfoView.xib; sourceTree = "<group>"; };
		D3995EDE28FD9543004ABB5C /* BookInfoViewModel.swift */ = {isa = PBXFileReference; lastKnownFileType = sourcecode.swift; path = BookInfoViewModel.swift; sourceTree = "<group>"; };
		D3995EE028FD955D004ABB5C /* BookInfoViewController.swift */ = {isa = PBXFileReference; lastKnownFileType = sourcecode.swift; path = BookInfoViewController.swift; sourceTree = "<group>"; };
		D3995EE228FD956F004ABB5C /* BookInfoView.swift */ = {isa = PBXFileReference; lastKnownFileType = sourcecode.swift; path = BookInfoView.swift; sourceTree = "<group>"; };
		D3995EE628FDACFF004ABB5C /* ReviewViewModel.swift */ = {isa = PBXFileReference; lastKnownFileType = sourcecode.swift; path = ReviewViewModel.swift; sourceTree = "<group>"; };
		D3995EE928FDAF52004ABB5C /* ReviewView.swift */ = {isa = PBXFileReference; lastKnownFileType = sourcecode.swift; path = ReviewView.swift; sourceTree = "<group>"; };
		D3995EEB28FDAF65004ABB5C /* ReviewViewController.swift */ = {isa = PBXFileReference; lastKnownFileType = sourcecode.swift; path = ReviewViewController.swift; sourceTree = "<group>"; };
		D3995EED28FDAF7E004ABB5C /* ReviewView.xib */ = {isa = PBXFileReference; lastKnownFileType = file.xib; path = ReviewView.xib; sourceTree = "<group>"; };
		D3995EEF28FDC26A004ABB5C /* UIButtonExtension.swift */ = {isa = PBXFileReference; lastKnownFileType = sourcecode.swift; path = UIButtonExtension.swift; sourceTree = "<group>"; };
		D3995EF128FDC2BA004ABB5C /* UIColorExtension.swift */ = {isa = PBXFileReference; lastKnownFileType = sourcecode.swift; path = UIColorExtension.swift; sourceTree = "<group>"; };
		D3995EF328FDC31D004ABB5C /* UIViewControllerExtension.swift */ = {isa = PBXFileReference; lastKnownFileType = sourcecode.swift; path = UIViewControllerExtension.swift; sourceTree = "<group>"; };
		D3995EF528FDC586004ABB5C /* UIViewExtension.swift */ = {isa = PBXFileReference; lastKnownFileType = sourcecode.swift; path = UIViewExtension.swift; sourceTree = "<group>"; };
		D3995EF728FDC71E004ABB5C /* DetailsViewModel.swift */ = {isa = PBXFileReference; lastKnownFileType = sourcecode.swift; path = DetailsViewModel.swift; sourceTree = "<group>"; };
		D3995EF928FDD419004ABB5C /* UIImageExtension.swift */ = {isa = PBXFileReference; lastKnownFileType = sourcecode.swift; path = UIImageExtension.swift; sourceTree = "<group>"; };
		D3D09083290343DF009060F8 /* LoginTextField.swift */ = {isa = PBXFileReference; lastKnownFileType = sourcecode.swift; path = LoginTextField.swift; sourceTree = "<group>"; };
		FC2B3468835700C8B1A2D23C /* Pods-WBooks.release.xcconfig */ = {isa = PBXFileReference; includeInIndex = 1; lastKnownFileType = text.xcconfig; name = "Pods-WBooks.release.xcconfig"; path = "../Desktop/WBooks/Pods/Target Support Files/Pods-WBooks/Pods-WBooks.release.xcconfig"; sourceTree = "<group>"; };
/* End PBXFileReference section */

/* Begin PBXFrameworksBuildPhase section */
		D38D692B28D8B7CF0037B1B4 /* Frameworks */ = {
			isa = PBXFrameworksBuildPhase;
			buildActionMask = 2147483647;
			files = (
				74BF286FA7B2DDCCD3EC1DF9 /* Pods_WBooks.framework in Frameworks */,
			);
			runOnlyForDeploymentPostprocessing = 0;
		};
		D38D694128D8B7E30037B1B4 /* Frameworks */ = {
			isa = PBXFrameworksBuildPhase;
			buildActionMask = 2147483647;
			files = (
				6496B6D150F090BE78A6537B /* Pods_WBooksTests.framework in Frameworks */,
			);
			runOnlyForDeploymentPostprocessing = 0;
		};
		D38D694B28D8B7E30037B1B4 /* Frameworks */ = {
			isa = PBXFrameworksBuildPhase;
			buildActionMask = 2147483647;
			files = (
				68F1B45A9A4C552D34AD4935 /* Pods_WBooks_WBooksUITests.framework in Frameworks */,
			);
			runOnlyForDeploymentPostprocessing = 0;
		};
/* End PBXFrameworksBuildPhase section */

/* Begin PBXGroup section */
		15D1DA707098B0EE36CA908A /* Frameworks */ = {
			isa = PBXGroup;
			children = (
				4351B3E608AB15A0F6CD0D66 /* Pods_WBooks.framework */,
				563A41DF0118F100D50930A0 /* Pods_WBooks_WBooksUITests.framework */,
				76FC63489F796D1841E5D0F2 /* Pods_WBooksTests.framework */,
			);
			name = Frameworks;
			sourceTree = "<group>";
		};
		34F1395B25A006CBDA69C77E /* Pods */ = {
			isa = PBXGroup;
			children = (
				2714DAE63A47001DCAE79192 /* Pods-WBooks.debug.xcconfig */,
				FC2B3468835700C8B1A2D23C /* Pods-WBooks.release.xcconfig */,
				AF7373369B526A41B785531C /* Pods-WBooks-WBooksUITests.debug.xcconfig */,
				3782310F866A278732137005 /* Pods-WBooks-WBooksUITests.release.xcconfig */,
				A620E23630BDE3BB148B77E7 /* Pods-WBooksTests.debug.xcconfig */,
				A87BDEFF4493B8EF15C5BD7F /* Pods-WBooksTests.release.xcconfig */,
			);
			name = Pods;
			path = ../../Pods;
			sourceTree = "<group>";
		};
		D3014EF3290085A20037DB40 /* Repository */ = {
			isa = PBXGroup;
			children = (
				D386341728E745420063F5FC /* BookRepository.swift */,
			);
			path = Repository;
			sourceTree = "<group>";
		};
		D3014EF4290086280037DB40 /* Components */ = {
			isa = PBXGroup;
			children = (
				D3995EDB28FD9508004ABB5C /* BookInfo */,
				D3995EE828FDAF1F004ABB5C /* ReviewTable */,
			);
			path = Components;
			sourceTree = "<group>";
		};
		D3014EF5290087000037DB40 /* Models */ = {
			isa = PBXGroup;
			children = (
				D37F17FF28F70DDC0056A259 /* Reviewer.swift */,
				D3077C0128F870A100D654D3 /* Users.swift */,
				D31275B728DA52C30007F183 /* Library.swift */,
				D31BED2C28FEF2D3006370A3 /* AddNewBook.swift */,
			);
			path = Models;
			sourceTree = "<group>";
		};
		D32F776828E491FC003130A8 /* LibraryCell */ = {
			isa = PBXGroup;
			children = (
				D32F776928E49279003130A8 /* LibraryTableViewCell.xib */,
				D31275B328DA51310007F183 /* LibraryTableViewCell.swift */,
			);
			path = LibraryCell;
			sourceTree = "<group>";
		};
		D32F777128E4CFE9003130A8 /* Tab Bar */ = {
			isa = PBXGroup;
			children = (
				D32F777428E4D045003130A8 /* TabBarController.swift */,
			);
			path = "Tab Bar";
			sourceTree = "<group>";
		};
		D32F777628E4D0C4003130A8 /* WishList */ = {
			isa = PBXGroup;
			children = (
				D32F777928E4D13B003130A8 /* WishListView.xib */,
				D32F777B28E4D14D003130A8 /* WishListView.swift */,
				D32F777D28E4D173003130A8 /* WishListController.swift */,
			);
			path = WishList;
			sourceTree = "<group>";
		};
		D32F777728E4D106003130A8 /* AddNew */ = {
			isa = PBXGroup;
			children = (
				D32F778128E4D4DB003130A8 /* AddNewView.xib */,
				D32F778328E4D4E7003130A8 /* AddNewView.swift */,
				D32F778528E4D4F7003130A8 /* AddNewController.swift */,
				D31BED2828FEDAF9006370A3 /* AddNewViewModel.swift */,
				D3014EF129005BFB0037DB40 /* InputFields.swift */,
			);
			path = AddNew;
			sourceTree = "<group>";
		};
		D32F777828E4D117003130A8 /* Rentals */ = {
			isa = PBXGroup;
			children = (
				D32F778728E4D53D003130A8 /* RentalsView.xib */,
				D32F778928E4D579003130A8 /* RentalsView.swift */,
				D3014EED290059140037DB40 /* RentalsViewController.swift */,
				D37F17F628F6FBF80056A259 /* Post.swift */,
			);
			path = Rentals;
			sourceTree = "<group>";
		};
		D359B46A28E4FF0F00FB12F6 /* Extensions */ = {
			isa = PBXGroup;
			children = (
				D37F180728F7315B0056A259 /* UIImageViewExtension.swift */,
				D3995EF528FDC586004ABB5C /* UIViewExtension.swift */,
				D3995EF328FDC31D004ABB5C /* UIViewControllerExtension.swift */,
				D359B46B28E4FF2900FB12F6 /* UITableViewExtension.swift */,
				D3995EEF28FDC26A004ABB5C /* UIButtonExtension.swift */,
				D3995EF128FDC2BA004ABB5C /* UIColorExtension.swift */,
				D3995EF928FDD419004ABB5C /* UIImageExtension.swift */,
			);
			path = Extensions;
			sourceTree = "<group>";
		};
		D37F17FA28F70A6C0056A259 /* ReviewCell */ = {
			isa = PBXGroup;
			children = (
				D37F17FB28F70AAF0056A259 /* ReviewTableViewCell.xib */,
				D37F17FD28F70AC80056A259 /* ReviewTableViewCell.swift */,
			);
			path = ReviewCell;
			sourceTree = "<group>";
		};
		D386341B28E74F4D0063F5FC /* Details */ = {
			isa = PBXGroup;
			children = (
				D386341E28E74F770063F5FC /* DetailsView.xib */,
				D386341C28E74F6B0063F5FC /* DetailsView.swift */,
				D386342028E74FA80063F5FC /* DetailsViewController.swift */,
				D3995EF728FDC71E004ABB5C /* DetailsViewModel.swift */,
			);
			path = Details;
			sourceTree = "<group>";
		};
		D38D692528D8B7CF0037B1B4 = {
			isa = PBXGroup;
			children = (
				D38D693028D8B7CF0037B1B4 /* WBooks */,
				D38D694728D8B7E30037B1B4 /* WBooksTests */,
				D38D695128D8B7E30037B1B4 /* WBooksUITests */,
				D38D692F28D8B7CF0037B1B4 /* Products */,
				34F1395B25A006CBDA69C77E /* Pods */,
				15D1DA707098B0EE36CA908A /* Frameworks */,
			);
			sourceTree = "<group>";
		};
		D38D692F28D8B7CF0037B1B4 /* Products */ = {
			isa = PBXGroup;
			children = (
				D38D692E28D8B7CF0037B1B4 /* WBooks.app */,
				D38D694428D8B7E30037B1B4 /* WBooksTests.xctest */,
				D38D694E28D8B7E30037B1B4 /* WBooksUITests.xctest */,
			);
			name = Products;
			sourceTree = "<group>";
		};
		D38D693028D8B7CF0037B1B4 /* WBooks */ = {
			isa = PBXGroup;
			children = (
				D3014EF5290087000037DB40 /* Models */,
				D3014EF3290085A20037DB40 /* Repository */,
				D359B46A28E4FF0F00FB12F6 /* Extensions */,
				D398C67B28E3777A0025DE95 /* Common */,
				D398C67428E376690025DE95 /* Login */,
				D398C68128E37AAA0025DE95 /* Library */,
				D386341B28E74F4D0063F5FC /* Details */,
				D3014EF4290086280037DB40 /* Components */,
				D32F777728E4D106003130A8 /* AddNew */,
				D32F777628E4D0C4003130A8 /* WishList */,
				D32F777828E4D117003130A8 /* Rentals */,
				D32F777128E4CFE9003130A8 /* Tab Bar */,
				D38D693128D8B7CF0037B1B4 /* AppDelegate.swift */,
				D38D693328D8B7CF0037B1B4 /* SceneDelegate.swift */,
				D38D693728D8B7CF0037B1B4 /* Main.storyboard */,
				D38D693A28D8B7E20037B1B4 /* Assets.xcassets */,
				D3929C9228DE169000F6CAE6 /* Localizable.strings */,
				D38D693C28D8B7E20037B1B4 /* LaunchScreen.storyboard */,
				D38D693F28D8B7E20037B1B4 /* Info.plist */,
			);
			path = WBooks;
			sourceTree = "<group>";
		};
		D38D694728D8B7E30037B1B4 /* WBooksTests */ = {
			isa = PBXGroup;
			children = (
				D38D694828D8B7E30037B1B4 /* WBooksTests.swift */,
			);
			path = WBooksTests;
			sourceTree = "<group>";
		};
		D38D695128D8B7E30037B1B4 /* WBooksUITests */ = {
			isa = PBXGroup;
			children = (
				D38D695228D8B7E30037B1B4 /* WBooksUITests.swift */,
				D38D695428D8B7E30037B1B4 /* WBooksUITestsLaunchTests.swift */,
			);
			path = WBooksUITests;
			sourceTree = "<group>";
		};
		D398C67428E376690025DE95 /* Login */ = {
			isa = PBXGroup;
			children = (
				D398C67528E376970025DE95 /* LoginView.xib */,
				D398C67728E376B80025DE95 /* LoginView.swift */,
				D398C67F28E378AF0025DE95 /* LoginViewController.swift */,
				D32F776F28E4B531003130A8 /* LoginViewModel.swift */,
				D3D09083290343DF009060F8 /* LoginTextField.swift */,
			);
			path = Login;
			sourceTree = "<group>";
		};
		D398C67B28E3777A0025DE95 /* Common */ = {
			isa = PBXGroup;
			children = (
				D398C67C28E3778D0025DE95 /* NibView.swift */,
			);
			path = Common;
			sourceTree = "<group>";
		};
		D398C68128E37AAA0025DE95 /* Library */ = {
			isa = PBXGroup;
			children = (
				D398C68228E37AE20025DE95 /* LibraryTableView.xib */,
				D398C68428E37B480025DE95 /* LibraryTableView.swift */,
				D398C68628E37BE60025DE95 /* LibraryTableViewController.swift */,
				D386341928E74ED10063F5FC /* LibraryTableViewModel.swift */,
				D32F776828E491FC003130A8 /* LibraryCell */,
			);
			path = Library;
			sourceTree = "<group>";
		};
		D3995EDB28FD9508004ABB5C /* BookInfo */ = {
			isa = PBXGroup;
			children = (
				D3995EDC28FD9532004ABB5C /* BookInfoView.xib */,
				D3995EE228FD956F004ABB5C /* BookInfoView.swift */,
				D3995EE028FD955D004ABB5C /* BookInfoViewController.swift */,
				D3995EDE28FD9543004ABB5C /* BookInfoViewModel.swift */,
			);
			path = BookInfo;
			sourceTree = "<group>";
		};
		D3995EE828FDAF1F004ABB5C /* ReviewTable */ = {
			isa = PBXGroup;
			children = (
				D3995EED28FDAF7E004ABB5C /* ReviewView.xib */,
				D3995EE928FDAF52004ABB5C /* ReviewView.swift */,
				D3995EEB28FDAF65004ABB5C /* ReviewViewController.swift */,
				D3995EE628FDACFF004ABB5C /* ReviewViewModel.swift */,
				D37F17FA28F70A6C0056A259 /* ReviewCell */,
			);
			path = ReviewTable;
			sourceTree = "<group>";
		};
/* End PBXGroup section */

/* Begin PBXNativeTarget section */
		D38D692D28D8B7CF0037B1B4 /* WBooks */ = {
			isa = PBXNativeTarget;
			buildConfigurationList = D38D695828D8B7E30037B1B4 /* Build configuration list for PBXNativeTarget "WBooks" */;
			buildPhases = (
				134A7D9F6A34A64C7954480D /* [CP] Check Pods Manifest.lock */,
				D38D692A28D8B7CF0037B1B4 /* Sources */,
				D38D692B28D8B7CF0037B1B4 /* Frameworks */,
				D38D692C28D8B7CF0037B1B4 /* Resources */,
				7EDE5117DE14E4FECBEE27E7 /* [CP] Embed Pods Frameworks */,
			);
			buildRules = (
			);
			dependencies = (
			);
			name = WBooks;
			productName = WBooks;
			productReference = D38D692E28D8B7CF0037B1B4 /* WBooks.app */;
			productType = "com.apple.product-type.application";
		};
		D38D694328D8B7E30037B1B4 /* WBooksTests */ = {
			isa = PBXNativeTarget;
			buildConfigurationList = D38D695B28D8B7E30037B1B4 /* Build configuration list for PBXNativeTarget "WBooksTests" */;
			buildPhases = (
				0406C2CA74AA5D8ABB01F53E /* [CP] Check Pods Manifest.lock */,
				D38D694028D8B7E30037B1B4 /* Sources */,
				D38D694128D8B7E30037B1B4 /* Frameworks */,
				D38D694228D8B7E30037B1B4 /* Resources */,
			);
			buildRules = (
			);
			dependencies = (
				D38D694628D8B7E30037B1B4 /* PBXTargetDependency */,
			);
			name = WBooksTests;
			productName = WBooksTests;
			productReference = D38D694428D8B7E30037B1B4 /* WBooksTests.xctest */;
			productType = "com.apple.product-type.bundle.unit-test";
		};
		D38D694D28D8B7E30037B1B4 /* WBooksUITests */ = {
			isa = PBXNativeTarget;
			buildConfigurationList = D38D695E28D8B7E30037B1B4 /* Build configuration list for PBXNativeTarget "WBooksUITests" */;
			buildPhases = (
				B4002AF484F1AEE74D5ED18F /* [CP] Check Pods Manifest.lock */,
				D38D694A28D8B7E30037B1B4 /* Sources */,
				D38D694B28D8B7E30037B1B4 /* Frameworks */,
				D38D694C28D8B7E30037B1B4 /* Resources */,
				4AC388EA569E5A007A407042 /* [CP] Embed Pods Frameworks */,
			);
			buildRules = (
			);
			dependencies = (
				D38D695028D8B7E30037B1B4 /* PBXTargetDependency */,
			);
			name = WBooksUITests;
			productName = WBooksUITests;
			productReference = D38D694E28D8B7E30037B1B4 /* WBooksUITests.xctest */;
			productType = "com.apple.product-type.bundle.ui-testing";
		};
/* End PBXNativeTarget section */

/* Begin PBXProject section */
		D38D692628D8B7CF0037B1B4 /* Project object */ = {
			isa = PBXProject;
			attributes = {
				BuildIndependentTargetsInParallel = 1;
				LastSwiftUpdateCheck = 1400;
				LastUpgradeCheck = 1400;
				TargetAttributes = {
					D38D692D28D8B7CF0037B1B4 = {
						CreatedOnToolsVersion = 14.0;
					};
					D38D694328D8B7E30037B1B4 = {
						CreatedOnToolsVersion = 14.0;
						TestTargetID = D38D692D28D8B7CF0037B1B4;
					};
					D38D694D28D8B7E30037B1B4 = {
						CreatedOnToolsVersion = 14.0;
						TestTargetID = D38D692D28D8B7CF0037B1B4;
					};
				};
			};
			buildConfigurationList = D38D692928D8B7CF0037B1B4 /* Build configuration list for PBXProject "WBooks" */;
			compatibilityVersion = "Xcode 14.0";
			developmentRegion = en;
			hasScannedForEncodings = 0;
			knownRegions = (
				en,
				Base,
				es,
			);
			mainGroup = D38D692528D8B7CF0037B1B4;
			productRefGroup = D38D692F28D8B7CF0037B1B4 /* Products */;
			projectDirPath = "";
			projectRoot = "";
			targets = (
				D38D692D28D8B7CF0037B1B4 /* WBooks */,
				D38D694328D8B7E30037B1B4 /* WBooksTests */,
				D38D694D28D8B7E30037B1B4 /* WBooksUITests */,
			);
		};
/* End PBXProject section */

/* Begin PBXResourcesBuildPhase section */
		D38D692C28D8B7CF0037B1B4 /* Resources */ = {
			isa = PBXResourcesBuildPhase;
			buildActionMask = 2147483647;
			files = (
				D37F17FC28F70AAF0056A259 /* ReviewTableViewCell.xib in Resources */,
				D398C68328E37AE20025DE95 /* LibraryTableView.xib in Resources */,
				D32F776A28E49279003130A8 /* LibraryTableViewCell.xib in Resources */,
				D38D693E28D8B7E20037B1B4 /* LaunchScreen.storyboard in Resources */,
				D3995EEE28FDAF7E004ABB5C /* ReviewView.xib in Resources */,
				D398C67628E376970025DE95 /* LoginView.xib in Resources */,
				D3995EDD28FD9532004ABB5C /* BookInfoView.xib in Resources */,
				D32F778228E4D4DB003130A8 /* AddNewView.xib in Resources */,
				D3929C9028DE169000F6CAE6 /* Localizable.strings in Resources */,
				D386341F28E74F770063F5FC /* DetailsView.xib in Resources */,
				D38D693B28D8B7E20037B1B4 /* Assets.xcassets in Resources */,
				D38D693928D8B7CF0037B1B4 /* Main.storyboard in Resources */,
				D32F778828E4D53D003130A8 /* RentalsView.xib in Resources */,
				D32F777A28E4D13B003130A8 /* WishListView.xib in Resources */,
			);
			runOnlyForDeploymentPostprocessing = 0;
		};
		D38D694228D8B7E30037B1B4 /* Resources */ = {
			isa = PBXResourcesBuildPhase;
			buildActionMask = 2147483647;
			files = (
			);
			runOnlyForDeploymentPostprocessing = 0;
		};
		D38D694C28D8B7E30037B1B4 /* Resources */ = {
			isa = PBXResourcesBuildPhase;
			buildActionMask = 2147483647;
			files = (
			);
			runOnlyForDeploymentPostprocessing = 0;
		};
/* End PBXResourcesBuildPhase section */

/* Begin PBXShellScriptBuildPhase section */
		0406C2CA74AA5D8ABB01F53E /* [CP] Check Pods Manifest.lock */ = {
			isa = PBXShellScriptBuildPhase;
			buildActionMask = 2147483647;
			files = (
			);
			inputFileListPaths = (
			);
			inputPaths = (
				"${PODS_PODFILE_DIR_PATH}/Podfile.lock",
				"${PODS_ROOT}/Manifest.lock",
			);
			name = "[CP] Check Pods Manifest.lock";
			outputFileListPaths = (
			);
			outputPaths = (
				"$(DERIVED_FILE_DIR)/Pods-WBooksTests-checkManifestLockResult.txt",
			);
			runOnlyForDeploymentPostprocessing = 0;
			shellPath = /bin/sh;
			shellScript = "diff \"${PODS_PODFILE_DIR_PATH}/Podfile.lock\" \"${PODS_ROOT}/Manifest.lock\" > /dev/null\nif [ $? != 0 ] ; then\n    # print error to STDERR\n    echo \"error: The sandbox is not in sync with the Podfile.lock. Run 'pod install' or update your CocoaPods installation.\" >&2\n    exit 1\nfi\n# This output is used by Xcode 'outputs' to avoid re-running this script phase.\necho \"SUCCESS\" > \"${SCRIPT_OUTPUT_FILE_0}\"\n";
			showEnvVarsInLog = 0;
		};
		134A7D9F6A34A64C7954480D /* [CP] Check Pods Manifest.lock */ = {
			isa = PBXShellScriptBuildPhase;
			buildActionMask = 2147483647;
			files = (
			);
			inputFileListPaths = (
			);
			inputPaths = (
				"${PODS_PODFILE_DIR_PATH}/Podfile.lock",
				"${PODS_ROOT}/Manifest.lock",
			);
			name = "[CP] Check Pods Manifest.lock";
			outputFileListPaths = (
			);
			outputPaths = (
				"$(DERIVED_FILE_DIR)/Pods-WBooks-checkManifestLockResult.txt",
			);
			runOnlyForDeploymentPostprocessing = 0;
			shellPath = /bin/sh;
			shellScript = "diff \"${PODS_PODFILE_DIR_PATH}/Podfile.lock\" \"${PODS_ROOT}/Manifest.lock\" > /dev/null\nif [ $? != 0 ] ; then\n    # print error to STDERR\n    echo \"error: The sandbox is not in sync with the Podfile.lock. Run 'pod install' or update your CocoaPods installation.\" >&2\n    exit 1\nfi\n# This output is used by Xcode 'outputs' to avoid re-running this script phase.\necho \"SUCCESS\" > \"${SCRIPT_OUTPUT_FILE_0}\"\n";
			showEnvVarsInLog = 0;
		};
		4AC388EA569E5A007A407042 /* [CP] Embed Pods Frameworks */ = {
			isa = PBXShellScriptBuildPhase;
			buildActionMask = 2147483647;
			files = (
			);
			inputFileListPaths = (
				"${PODS_ROOT}/Target Support Files/Pods-WBooks-WBooksUITests/Pods-WBooks-WBooksUITests-frameworks-${CONFIGURATION}-input-files.xcfilelist",
			);
			name = "[CP] Embed Pods Frameworks";
			outputFileListPaths = (
				"${PODS_ROOT}/Target Support Files/Pods-WBooks-WBooksUITests/Pods-WBooks-WBooksUITests-frameworks-${CONFIGURATION}-output-files.xcfilelist",
			);
			runOnlyForDeploymentPostprocessing = 0;
			shellPath = /bin/sh;
			shellScript = "\"${PODS_ROOT}/Target Support Files/Pods-WBooks-WBooksUITests/Pods-WBooks-WBooksUITests-frameworks.sh\"\n";
			showEnvVarsInLog = 0;
		};
		7EDE5117DE14E4FECBEE27E7 /* [CP] Embed Pods Frameworks */ = {
			isa = PBXShellScriptBuildPhase;
			buildActionMask = 2147483647;
			files = (
			);
			inputFileListPaths = (
				"${PODS_ROOT}/Target Support Files/Pods-WBooks/Pods-WBooks-frameworks-${CONFIGURATION}-input-files.xcfilelist",
			);
			name = "[CP] Embed Pods Frameworks";
			outputFileListPaths = (
				"${PODS_ROOT}/Target Support Files/Pods-WBooks/Pods-WBooks-frameworks-${CONFIGURATION}-output-files.xcfilelist",
			);
			runOnlyForDeploymentPostprocessing = 0;
			shellPath = /bin/sh;
			shellScript = "\"${PODS_ROOT}/Target Support Files/Pods-WBooks/Pods-WBooks-frameworks.sh\"\n";
			showEnvVarsInLog = 0;
		};
		B4002AF484F1AEE74D5ED18F /* [CP] Check Pods Manifest.lock */ = {
			isa = PBXShellScriptBuildPhase;
			buildActionMask = 2147483647;
			files = (
			);
			inputFileListPaths = (
			);
			inputPaths = (
				"${PODS_PODFILE_DIR_PATH}/Podfile.lock",
				"${PODS_ROOT}/Manifest.lock",
			);
			name = "[CP] Check Pods Manifest.lock";
			outputFileListPaths = (
			);
			outputPaths = (
				"$(DERIVED_FILE_DIR)/Pods-WBooks-WBooksUITests-checkManifestLockResult.txt",
			);
			runOnlyForDeploymentPostprocessing = 0;
			shellPath = /bin/sh;
			shellScript = "diff \"${PODS_PODFILE_DIR_PATH}/Podfile.lock\" \"${PODS_ROOT}/Manifest.lock\" > /dev/null\nif [ $? != 0 ] ; then\n    # print error to STDERR\n    echo \"error: The sandbox is not in sync with the Podfile.lock. Run 'pod install' or update your CocoaPods installation.\" >&2\n    exit 1\nfi\n# This output is used by Xcode 'outputs' to avoid re-running this script phase.\necho \"SUCCESS\" > \"${SCRIPT_OUTPUT_FILE_0}\"\n";
			showEnvVarsInLog = 0;
		};
/* End PBXShellScriptBuildPhase section */

/* Begin PBXSourcesBuildPhase section */
		D38D692A28D8B7CF0037B1B4 /* Sources */ = {
			isa = PBXSourcesBuildPhase;
			buildActionMask = 2147483647;
			files = (
				D3014EEE290059140037DB40 /* RentalsViewController.swift in Sources */,
				D3995EF828FDC71E004ABB5C /* DetailsViewModel.swift in Sources */,
				D3995EE128FD955D004ABB5C /* BookInfoViewController.swift in Sources */,
				D31275B828DA52C30007F183 /* Library.swift in Sources */,
				D3D09084290343DF009060F8 /* LoginTextField.swift in Sources */,
				D386341828E745420063F5FC /* BookRepository.swift in Sources */,
				D386342128E74FA80063F5FC /* DetailsViewController.swift in Sources */,
				D31275B428DA51310007F183 /* LibraryTableViewCell.swift in Sources */,
				D38D693228D8B7CF0037B1B4 /* AppDelegate.swift in Sources */,
				D3014EF229005BFB0037DB40 /* InputFields.swift in Sources */,
				D31BED2D28FEF2D3006370A3 /* AddNewBook.swift in Sources */,
				D3995EF028FDC26A004ABB5C /* UIButtonExtension.swift in Sources */,
				D398C67D28E3778D0025DE95 /* NibView.swift in Sources */,
				D359B46C28E4FF2900FB12F6 /* UITableViewExtension.swift in Sources */,
				D37F180028F70DDC0056A259 /* Reviewer.swift in Sources */,
				D37F17F728F6FBF80056A259 /* Post.swift in Sources */,
				D398C68728E37BE60025DE95 /* LibraryTableViewController.swift in Sources */,
				D386341D28E74F6B0063F5FC /* DetailsView.swift in Sources */,
				D31BED2928FEDAF9006370A3 /* AddNewViewModel.swift in Sources */,
				D32F777028E4B531003130A8 /* LoginViewModel.swift in Sources */,
				D3995EEC28FDAF65004ABB5C /* ReviewViewController.swift in Sources */,
				D3995EE728FDACFF004ABB5C /* ReviewViewModel.swift in Sources */,
				D38D693428D8B7CF0037B1B4 /* SceneDelegate.swift in Sources */,
				D32F777C28E4D14D003130A8 /* WishListView.swift in Sources */,
				D37F17FE28F70AC80056A259 /* ReviewTableViewCell.swift in Sources */,
				D3995EF428FDC31D004ABB5C /* UIViewControllerExtension.swift in Sources */,
				D3995EEA28FDAF52004ABB5C /* ReviewView.swift in Sources */,
				D32F778628E4D4F7003130A8 /* AddNewController.swift in Sources */,
				D3995EF228FDC2BA004ABB5C /* UIColorExtension.swift in Sources */,
				D398C68528E37B480025DE95 /* LibraryTableView.swift in Sources */,
				D3995EE328FD956F004ABB5C /* BookInfoView.swift in Sources */,
				D3077C0228F870A100D654D3 /* Users.swift in Sources */,
				D3995EFA28FDD419004ABB5C /* UIImageExtension.swift in Sources */,
				D32F778A28E4D579003130A8 /* RentalsView.swift in Sources */,
				D398C67828E376B80025DE95 /* LoginView.swift in Sources */,
				D386341A28E74ED10063F5FC /* LibraryTableViewModel.swift in Sources */,
				D3995EDF28FD9543004ABB5C /* BookInfoViewModel.swift in Sources */,
				D32F777528E4D045003130A8 /* TabBarController.swift in Sources */,
				D398C68028E378AF0025DE95 /* LoginViewController.swift in Sources */,
				D37F180828F7315B0056A259 /* UIImageViewExtension.swift in Sources */,
				D32F777E28E4D173003130A8 /* WishListController.swift in Sources */,
				D32F778428E4D4E7003130A8 /* AddNewView.swift in Sources */,
				D3995EF628FDC586004ABB5C /* UIViewExtension.swift in Sources */,
			);
			runOnlyForDeploymentPostprocessing = 0;
		};
		D38D694028D8B7E30037B1B4 /* Sources */ = {
			isa = PBXSourcesBuildPhase;
			buildActionMask = 2147483647;
			files = (
				D38D694928D8B7E30037B1B4 /* WBooksTests.swift in Sources */,
			);
			runOnlyForDeploymentPostprocessing = 0;
		};
		D38D694A28D8B7E30037B1B4 /* Sources */ = {
			isa = PBXSourcesBuildPhase;
			buildActionMask = 2147483647;
			files = (
				D38D695328D8B7E30037B1B4 /* WBooksUITests.swift in Sources */,
				D38D695528D8B7E30037B1B4 /* WBooksUITestsLaunchTests.swift in Sources */,
			);
			runOnlyForDeploymentPostprocessing = 0;
		};
/* End PBXSourcesBuildPhase section */

/* Begin PBXTargetDependency section */
		D38D694628D8B7E30037B1B4 /* PBXTargetDependency */ = {
			isa = PBXTargetDependency;
			target = D38D692D28D8B7CF0037B1B4 /* WBooks */;
			targetProxy = D38D694528D8B7E30037B1B4 /* PBXContainerItemProxy */;
		};
		D38D695028D8B7E30037B1B4 /* PBXTargetDependency */ = {
			isa = PBXTargetDependency;
			target = D38D692D28D8B7CF0037B1B4 /* WBooks */;
			targetProxy = D38D694F28D8B7E30037B1B4 /* PBXContainerItemProxy */;
		};
/* End PBXTargetDependency section */

/* Begin PBXVariantGroup section */
		D38D693728D8B7CF0037B1B4 /* Main.storyboard */ = {
			isa = PBXVariantGroup;
			children = (
				D38D693828D8B7CF0037B1B4 /* Base */,
				D3929C9328DE1C8E00F6CAE6 /* es */,
			);
			name = Main.storyboard;
			sourceTree = "<group>";
		};
		D38D693C28D8B7E20037B1B4 /* LaunchScreen.storyboard */ = {
			isa = PBXVariantGroup;
			children = (
				D38D693D28D8B7E20037B1B4 /* Base */,
				D3929C9428DE1C8E00F6CAE6 /* es */,
			);
			name = LaunchScreen.storyboard;
			sourceTree = "<group>";
		};
		D3929C9228DE169000F6CAE6 /* Localizable.strings */ = {
			isa = PBXVariantGroup;
			children = (
				D3929C9128DE169000F6CAE6 /* en */,
				D3929C9528DE1C8E00F6CAE6 /* es */,
			);
			name = Localizable.strings;
			sourceTree = "<group>";
		};
/* End PBXVariantGroup section */

/* Begin XCBuildConfiguration section */
		D38D695628D8B7E30037B1B4 /* Debug */ = {
			isa = XCBuildConfiguration;
			buildSettings = {
				ALWAYS_SEARCH_USER_PATHS = NO;
				CLANG_ANALYZER_LOCALIZABILITY_NONLOCALIZED = YES;
				CLANG_ANALYZER_NONNULL = YES;
				CLANG_ANALYZER_NUMBER_OBJECT_CONVERSION = YES_AGGRESSIVE;
				CLANG_CXX_LANGUAGE_STANDARD = "gnu++20";
				CLANG_ENABLE_MODULES = YES;
				CLANG_ENABLE_OBJC_ARC = YES;
				CLANG_ENABLE_OBJC_WEAK = YES;
				CLANG_WARN_BLOCK_CAPTURE_AUTORELEASING = YES;
				CLANG_WARN_BOOL_CONVERSION = YES;
				CLANG_WARN_COMMA = YES;
				CLANG_WARN_CONSTANT_CONVERSION = YES;
				CLANG_WARN_DEPRECATED_OBJC_IMPLEMENTATIONS = YES;
				CLANG_WARN_DIRECT_OBJC_ISA_USAGE = YES_ERROR;
				CLANG_WARN_DOCUMENTATION_COMMENTS = YES;
				CLANG_WARN_EMPTY_BODY = YES;
				CLANG_WARN_ENUM_CONVERSION = YES;
				CLANG_WARN_INFINITE_RECURSION = YES;
				CLANG_WARN_INT_CONVERSION = YES;
				CLANG_WARN_NON_LITERAL_NULL_CONVERSION = YES;
				CLANG_WARN_OBJC_IMPLICIT_RETAIN_SELF = YES;
				CLANG_WARN_OBJC_LITERAL_CONVERSION = YES;
				CLANG_WARN_OBJC_ROOT_CLASS = YES_ERROR;
				CLANG_WARN_QUOTED_INCLUDE_IN_FRAMEWORK_HEADER = YES;
				CLANG_WARN_RANGE_LOOP_ANALYSIS = YES;
				CLANG_WARN_STRICT_PROTOTYPES = YES;
				CLANG_WARN_SUSPICIOUS_MOVE = YES;
				CLANG_WARN_UNGUARDED_AVAILABILITY = YES_AGGRESSIVE;
				CLANG_WARN_UNREACHABLE_CODE = YES;
				CLANG_WARN__DUPLICATE_METHOD_MATCH = YES;
				COPY_PHASE_STRIP = NO;
				DEBUG_INFORMATION_FORMAT = dwarf;
				ENABLE_STRICT_OBJC_MSGSEND = YES;
				ENABLE_TESTABILITY = YES;
				GCC_C_LANGUAGE_STANDARD = gnu11;
				GCC_DYNAMIC_NO_PIC = NO;
				GCC_NO_COMMON_BLOCKS = YES;
				GCC_OPTIMIZATION_LEVEL = 0;
				GCC_PREPROCESSOR_DEFINITIONS = (
					"DEBUG=1",
					"$(inherited)",
				);
				GCC_WARN_64_TO_32_BIT_CONVERSION = YES;
				GCC_WARN_ABOUT_RETURN_TYPE = YES_ERROR;
				GCC_WARN_UNDECLARED_SELECTOR = YES;
				GCC_WARN_UNINITIALIZED_AUTOS = YES_AGGRESSIVE;
				GCC_WARN_UNUSED_FUNCTION = YES;
				GCC_WARN_UNUSED_VARIABLE = YES;
				IPHONEOS_DEPLOYMENT_TARGET = 16.0;
				MTL_ENABLE_DEBUG_INFO = INCLUDE_SOURCE;
				MTL_FAST_MATH = YES;
				ONLY_ACTIVE_ARCH = YES;
				SDKROOT = iphoneos;
				SWIFT_ACTIVE_COMPILATION_CONDITIONS = DEBUG;
				SWIFT_OPTIMIZATION_LEVEL = "-Onone";
			};
			name = Debug;
		};
		D38D695728D8B7E30037B1B4 /* Release */ = {
			isa = XCBuildConfiguration;
			buildSettings = {
				ALWAYS_SEARCH_USER_PATHS = NO;
				CLANG_ANALYZER_LOCALIZABILITY_NONLOCALIZED = YES;
				CLANG_ANALYZER_NONNULL = YES;
				CLANG_ANALYZER_NUMBER_OBJECT_CONVERSION = YES_AGGRESSIVE;
				CLANG_CXX_LANGUAGE_STANDARD = "gnu++20";
				CLANG_ENABLE_MODULES = YES;
				CLANG_ENABLE_OBJC_ARC = YES;
				CLANG_ENABLE_OBJC_WEAK = YES;
				CLANG_WARN_BLOCK_CAPTURE_AUTORELEASING = YES;
				CLANG_WARN_BOOL_CONVERSION = YES;
				CLANG_WARN_COMMA = YES;
				CLANG_WARN_CONSTANT_CONVERSION = YES;
				CLANG_WARN_DEPRECATED_OBJC_IMPLEMENTATIONS = YES;
				CLANG_WARN_DIRECT_OBJC_ISA_USAGE = YES_ERROR;
				CLANG_WARN_DOCUMENTATION_COMMENTS = YES;
				CLANG_WARN_EMPTY_BODY = YES;
				CLANG_WARN_ENUM_CONVERSION = YES;
				CLANG_WARN_INFINITE_RECURSION = YES;
				CLANG_WARN_INT_CONVERSION = YES;
				CLANG_WARN_NON_LITERAL_NULL_CONVERSION = YES;
				CLANG_WARN_OBJC_IMPLICIT_RETAIN_SELF = YES;
				CLANG_WARN_OBJC_LITERAL_CONVERSION = YES;
				CLANG_WARN_OBJC_ROOT_CLASS = YES_ERROR;
				CLANG_WARN_QUOTED_INCLUDE_IN_FRAMEWORK_HEADER = YES;
				CLANG_WARN_RANGE_LOOP_ANALYSIS = YES;
				CLANG_WARN_STRICT_PROTOTYPES = YES;
				CLANG_WARN_SUSPICIOUS_MOVE = YES;
				CLANG_WARN_UNGUARDED_AVAILABILITY = YES_AGGRESSIVE;
				CLANG_WARN_UNREACHABLE_CODE = YES;
				CLANG_WARN__DUPLICATE_METHOD_MATCH = YES;
				COPY_PHASE_STRIP = NO;
				DEBUG_INFORMATION_FORMAT = "dwarf-with-dsym";
				ENABLE_NS_ASSERTIONS = NO;
				ENABLE_STRICT_OBJC_MSGSEND = YES;
				GCC_C_LANGUAGE_STANDARD = gnu11;
				GCC_NO_COMMON_BLOCKS = YES;
				GCC_WARN_64_TO_32_BIT_CONVERSION = YES;
				GCC_WARN_ABOUT_RETURN_TYPE = YES_ERROR;
				GCC_WARN_UNDECLARED_SELECTOR = YES;
				GCC_WARN_UNINITIALIZED_AUTOS = YES_AGGRESSIVE;
				GCC_WARN_UNUSED_FUNCTION = YES;
				GCC_WARN_UNUSED_VARIABLE = YES;
				IPHONEOS_DEPLOYMENT_TARGET = 16.0;
				MTL_ENABLE_DEBUG_INFO = NO;
				MTL_FAST_MATH = YES;
				SDKROOT = iphoneos;
				SWIFT_COMPILATION_MODE = wholemodule;
				SWIFT_OPTIMIZATION_LEVEL = "-O";
				VALIDATE_PRODUCT = YES;
			};
			name = Release;
		};
		D38D695928D8B7E30037B1B4 /* Debug */ = {
			isa = XCBuildConfiguration;
			baseConfigurationReference = 2714DAE63A47001DCAE79192 /* Pods-WBooks.debug.xcconfig */;
			buildSettings = {
				ASSETCATALOG_COMPILER_APPICON_NAME = AppIcon;
				ASSETCATALOG_COMPILER_GLOBAL_ACCENT_COLOR_NAME = AccentColor;
				CODE_SIGN_STYLE = Automatic;
				CURRENT_PROJECT_VERSION = 1;
				GENERATE_INFOPLIST_FILE = YES;
				INFOPLIST_FILE = WBooks/Info.plist;
				INFOPLIST_KEY_UIApplicationSupportsIndirectInputEvents = YES;
				INFOPLIST_KEY_UILaunchStoryboardName = LaunchScreen;
				INFOPLIST_KEY_UIMainStoryboardFile = Main;
				INFOPLIST_KEY_UIRequiresFullScreen = YES;
				INFOPLIST_KEY_UISupportedInterfaceOrientations_iPad = "UIInterfaceOrientationPortrait UIInterfaceOrientationPortraitUpsideDown UIInterfaceOrientationLandscapeLeft UIInterfaceOrientationLandscapeRight";
				INFOPLIST_KEY_UISupportedInterfaceOrientations_iPhone = "UIInterfaceOrientationPortrait UIInterfaceOrientationLandscapeLeft UIInterfaceOrientationLandscapeRight";
				LD_RUNPATH_SEARCH_PATHS = (
					"$(inherited)",
					"@executable_path/Frameworks",
				);
				MARKETING_VERSION = 1.0;
				PRODUCT_BUNDLE_IDENTIFIER = AppleInc..WBooks;
				PRODUCT_NAME = "$(TARGET_NAME)";
				SWIFT_EMIT_LOC_STRINGS = YES;
				SWIFT_VERSION = 5.0;
				TARGETED_DEVICE_FAMILY = "1,2";
			};
			name = Debug;
		};
		D38D695A28D8B7E30037B1B4 /* Release */ = {
			isa = XCBuildConfiguration;
			baseConfigurationReference = FC2B3468835700C8B1A2D23C /* Pods-WBooks.release.xcconfig */;
			buildSettings = {
				ASSETCATALOG_COMPILER_APPICON_NAME = AppIcon;
				ASSETCATALOG_COMPILER_GLOBAL_ACCENT_COLOR_NAME = AccentColor;
				CODE_SIGN_STYLE = Automatic;
				CURRENT_PROJECT_VERSION = 1;
				GENERATE_INFOPLIST_FILE = YES;
				INFOPLIST_FILE = WBooks/Info.plist;
				INFOPLIST_KEY_UIApplicationSupportsIndirectInputEvents = YES;
				INFOPLIST_KEY_UILaunchStoryboardName = LaunchScreen;
				INFOPLIST_KEY_UIMainStoryboardFile = Main;
				INFOPLIST_KEY_UIRequiresFullScreen = YES;
				INFOPLIST_KEY_UISupportedInterfaceOrientations_iPad = "UIInterfaceOrientationPortrait UIInterfaceOrientationPortraitUpsideDown UIInterfaceOrientationLandscapeLeft UIInterfaceOrientationLandscapeRight";
				INFOPLIST_KEY_UISupportedInterfaceOrientations_iPhone = "UIInterfaceOrientationPortrait UIInterfaceOrientationLandscapeLeft UIInterfaceOrientationLandscapeRight";
				LD_RUNPATH_SEARCH_PATHS = (
					"$(inherited)",
					"@executable_path/Frameworks",
				);
				MARKETING_VERSION = 1.0;
				PRODUCT_BUNDLE_IDENTIFIER = AppleInc..WBooks;
				PRODUCT_NAME = "$(TARGET_NAME)";
				SWIFT_EMIT_LOC_STRINGS = YES;
				SWIFT_VERSION = 5.0;
				TARGETED_DEVICE_FAMILY = "1,2";
			};
			name = Release;
		};
		D38D695C28D8B7E30037B1B4 /* Debug */ = {
			isa = XCBuildConfiguration;
			baseConfigurationReference = A620E23630BDE3BB148B77E7 /* Pods-WBooksTests.debug.xcconfig */;
			buildSettings = {
				ALWAYS_EMBED_SWIFT_STANDARD_LIBRARIES = YES;
				BUNDLE_LOADER = "$(TEST_HOST)";
				CODE_SIGN_STYLE = Automatic;
				CURRENT_PROJECT_VERSION = 1;
				GENERATE_INFOPLIST_FILE = YES;
				IPHONEOS_DEPLOYMENT_TARGET = 16.0;
				MARKETING_VERSION = 1.0;
				PRODUCT_BUNDLE_IDENTIFIER = AppleInc..WBooksTests;
				PRODUCT_NAME = "$(TARGET_NAME)";
				SWIFT_EMIT_LOC_STRINGS = NO;
				SWIFT_VERSION = 5.0;
				TARGETED_DEVICE_FAMILY = "1,2";
				TEST_HOST = "$(BUILT_PRODUCTS_DIR)/WBooks.app/$(BUNDLE_EXECUTABLE_FOLDER_PATH)/WBooks";
			};
			name = Debug;
		};
		D38D695D28D8B7E30037B1B4 /* Release */ = {
			isa = XCBuildConfiguration;
			baseConfigurationReference = A87BDEFF4493B8EF15C5BD7F /* Pods-WBooksTests.release.xcconfig */;
			buildSettings = {
				ALWAYS_EMBED_SWIFT_STANDARD_LIBRARIES = YES;
				BUNDLE_LOADER = "$(TEST_HOST)";
				CODE_SIGN_STYLE = Automatic;
				CURRENT_PROJECT_VERSION = 1;
				GENERATE_INFOPLIST_FILE = YES;
				IPHONEOS_DEPLOYMENT_TARGET = 16.0;
				MARKETING_VERSION = 1.0;
				PRODUCT_BUNDLE_IDENTIFIER = AppleInc..WBooksTests;
				PRODUCT_NAME = "$(TARGET_NAME)";
				SWIFT_EMIT_LOC_STRINGS = NO;
				SWIFT_VERSION = 5.0;
				TARGETED_DEVICE_FAMILY = "1,2";
				TEST_HOST = "$(BUILT_PRODUCTS_DIR)/WBooks.app/$(BUNDLE_EXECUTABLE_FOLDER_PATH)/WBooks";
			};
			name = Release;
		};
		D38D695F28D8B7E30037B1B4 /* Debug */ = {
			isa = XCBuildConfiguration;
			baseConfigurationReference = AF7373369B526A41B785531C /* Pods-WBooks-WBooksUITests.debug.xcconfig */;
			buildSettings = {
				ALWAYS_EMBED_SWIFT_STANDARD_LIBRARIES = YES;
				CODE_SIGN_STYLE = Automatic;
				CURRENT_PROJECT_VERSION = 1;
				GENERATE_INFOPLIST_FILE = YES;
				MARKETING_VERSION = 1.0;
				PRODUCT_BUNDLE_IDENTIFIER = AppleInc..WBooksUITests;
				PRODUCT_NAME = "$(TARGET_NAME)";
				SWIFT_EMIT_LOC_STRINGS = NO;
				SWIFT_VERSION = 5.0;
				TARGETED_DEVICE_FAMILY = "1,2";
				TEST_TARGET_NAME = WBooks;
			};
			name = Debug;
		};
		D38D696028D8B7E30037B1B4 /* Release */ = {
			isa = XCBuildConfiguration;
			baseConfigurationReference = 3782310F866A278732137005 /* Pods-WBooks-WBooksUITests.release.xcconfig */;
			buildSettings = {
				ALWAYS_EMBED_SWIFT_STANDARD_LIBRARIES = YES;
				CODE_SIGN_STYLE = Automatic;
				CURRENT_PROJECT_VERSION = 1;
				GENERATE_INFOPLIST_FILE = YES;
				MARKETING_VERSION = 1.0;
				PRODUCT_BUNDLE_IDENTIFIER = AppleInc..WBooksUITests;
				PRODUCT_NAME = "$(TARGET_NAME)";
				SWIFT_EMIT_LOC_STRINGS = NO;
				SWIFT_VERSION = 5.0;
				TARGETED_DEVICE_FAMILY = "1,2";
				TEST_TARGET_NAME = WBooks;
			};
			name = Release;
		};
/* End XCBuildConfiguration section */

/* Begin XCConfigurationList section */
		D38D692928D8B7CF0037B1B4 /* Build configuration list for PBXProject "WBooks" */ = {
			isa = XCConfigurationList;
			buildConfigurations = (
				D38D695628D8B7E30037B1B4 /* Debug */,
				D38D695728D8B7E30037B1B4 /* Release */,
			);
			defaultConfigurationIsVisible = 0;
			defaultConfigurationName = Release;
		};
		D38D695828D8B7E30037B1B4 /* Build configuration list for PBXNativeTarget "WBooks" */ = {
			isa = XCConfigurationList;
			buildConfigurations = (
				D38D695928D8B7E30037B1B4 /* Debug */,
				D38D695A28D8B7E30037B1B4 /* Release */,
			);
			defaultConfigurationIsVisible = 0;
			defaultConfigurationName = Release;
		};
		D38D695B28D8B7E30037B1B4 /* Build configuration list for PBXNativeTarget "WBooksTests" */ = {
			isa = XCConfigurationList;
			buildConfigurations = (
				D38D695C28D8B7E30037B1B4 /* Debug */,
				D38D695D28D8B7E30037B1B4 /* Release */,
			);
			defaultConfigurationIsVisible = 0;
			defaultConfigurationName = Release;
		};
		D38D695E28D8B7E30037B1B4 /* Build configuration list for PBXNativeTarget "WBooksUITests" */ = {
			isa = XCConfigurationList;
			buildConfigurations = (
				D38D695F28D8B7E30037B1B4 /* Debug */,
				D38D696028D8B7E30037B1B4 /* Release */,
			);
			defaultConfigurationIsVisible = 0;
			defaultConfigurationName = Release;
		};
/* End XCConfigurationList section */
	};
	rootObject = D38D692628D8B7CF0037B1B4 /* Project object */;
}
